{
  "name": "cloud-code-editor-web-assets",
  "lockfileVersion": 3,
  "requires": true,
  "packages": {
    "": {
      "name": "cloud-code-editor-web-assets",
      "devDependencies": {
        "@plurnk/plurnk-mimetypes-grammar-dart": "1.16.2",
        "tree-sitter-bash": "0.25.0",
        "tree-sitter-css": "0.25.0",
        "tree-sitter-html": "0.23.2",
        "tree-sitter-javascript": "0.25.0",
        "tree-sitter-json": "0.24.8",
        "tree-sitter-python": "0.25.0",
        "tree-sitter-typescript": "0.23.2",
        "web-tree-sitter": "0.26.3"
      }
    },
    "node_modules/@cfworker/json-schema": {
      "version": "4.1.1",
      "resolved": "https://registry.npmjs.org/@cfworker/json-schema/-/json-schema-4.1.1.tgz",
      "integrity": "sha512-gAmrUZSGtKc3AiBL71iNWxDsyUC5uMaKKGdvzYsBoTW/xi42JQHl7eKV2OYzCUqvc+D2RCcf7EXY2iCyFIk6og==",
      "dev": true,
      "license": "MIT",
      "peer": true
    },
    "node_modules/@plurnk/plurnk-contracts": {
      "version": "1.20.0",
      "resolved": "https://registry.npmjs.org/@plurnk/plurnk-contracts/-/plurnk-contracts-1.20.0.tgz",
      "integrity": "sha512-rqAhTUZxHAoden4j6H6XfoBWDCt2F+BHJmvDGvvXogVDVmZ2KpcHE8OjSolrD0MDav1imrJE7gcdAkKLEfAPAg==",
      "dev": true,
      "license": "MIT",
      "peer": true,
      "dependencies": {
        "@cfworker/json-schema": "^4.1.1",
        "jsonc-parser": "^3.3.1"
      },
      "engines": {
        "node": ">=26"
      }
    },
    "node_modules/@plurnk/plurnk-meta": {
      "version": "1.20.0",
      "resolved": "https://registry.npmjs.org/@plurnk/plurnk-meta/-/plurnk-meta-1.20.0.tgz",
      "integrity": "sha512-kZwRniOd54iu4LNSS9cRxNLNJMfRCFvQ6UMao4rnoIY0oehtg8usd5EdB0OXaOESOJ/vMUtdCDdI5j4lCg7r4A==",
      "dev": true,
      "license": "MIT",
      "peer": true,
      "engines": {
        "node": ">=26"
      }
    },
    "node_modules/@plurnk/plurnk-mimetypes": {
      "version": "1.20.0",
      "resolved": "https://registry.npmjs.org/@plurnk/plurnk-mimetypes/-/plurnk-mimetypes-1.20.0.tgz",
      "integrity": "sha512-9ZhiYlUV8Ey9B0UxCVnTE8LUL3AjCOZJR8URVRd6ng/15xTWVo/sOdeZbsu/H3R9ktiDZ5MIS8DgEE6Nc4cwHg==",
      "dev": true,
      "license": "MIT",
      "peer": true,
      "dependencies": {
        "@plurnk/plurnk-contracts": "1.20.0",
        "@plurnk/plurnk-meta": "1.20.0",
        "@xmldom/xmldom": "^0.9.10",
        "antlr4ng": "^3.0.16",
        "json-p3": "2.3.1",
        "picomatch": "^4.0.7",
        "smol-toml": "^1.7.1",
        "web-tree-sitter": "^0.27.0",
        "xpath": "^0.0.34",
        "yaml": "^2.9.0"
      },
      "bin": {
        "plurnk-mimetypes-compile": "bin/plurnk-mimetypes-compile.js"
      },
      "engines": {
        "node": ">=26"
      },
      "peerDependencies": {
        "antlr-ng": "^1.0.10"
      },
      "peerDependenciesMeta": {
        "antlr-ng": {
          "optional": true
        }
      }
    },
    "node_modules/@plurnk/plurnk-mimetypes-grammar-dart": {
      "version": "1.16.2",
      "resolved": "https://registry.npmjs.org/@plurnk/plurnk-mimetypes-grammar-dart/-/plurnk-mimetypes-grammar-dart-1.16.2.tgz",
      "integrity": "sha512-lxhEsslgjXzqZgwa8Ag53mg6zOrjp0P2GfTIJ2mebJjlzaF/054xg4BcajpP8Zq8l7eQkm9U+wAQ97u9o0kfrg==",
      "dev": true,
      "license": "MIT",
      "engines": {
        "node": ">=26"
      },
      "peerDependencies": {
        "@plurnk/plurnk-mimetypes": "^1.16.1",
        "web-tree-sitter": "^0.25.0 || ^0.26.0 || ^0.27.0"
      }
    },
    "node_modules/@plurnk/plurnk-mimetypes/node_modules/web-tree-sitter": {
      "version": "0.27.0",
      "resolved": "https://registry.npmjs.org/web-tree-sitter/-/web-tree-sitter-0.27.0.tgz",
      "integrity": "sha512-XK08gj6RwTMQatAG7uVRP8MunqotL/XC19vHgkSPKmELgbGPBj4ECvB8haHOUnyj6ls2B8t42UTro14zxGgAHg==",
      "dev": true,
      "license": "MIT",
      "peer": true
    },
    "node_modules/@xmldom/xmldom": {
      "version": "0.9.12",
      "resolved": "https://registry.npmjs.org/@xmldom/xmldom/-/xmldom-0.9.12.tgz",
      "integrity": "sha512-5AXjrcMClTryPe9LgZrygpB1lj7s0S9E0+W+AHaVKAVyHanafK86iPSvG5xHVSp/jC+VH1UXu0TAEmY279xH7A==",
      "dev": true,
      "license": "MIT",
      "peer": true,
      "engines": {
        "node": ">=14.6"
      }
    },
    "node_modules/antlr4ng": {
      "version": "3.0.16",
      "resolved": "https://registry.npmjs.org/antlr4ng/-/antlr4ng-3.0.16.tgz",
      "integrity": "sha512-DQuJkC7kX3xunfF4K2KsWTSvoxxslv+FQp/WHQZTJSsH2Ec3QfFmrxC3Nky2ok9yglXn6nHM4zUaVDxcN5f6kA==",
      "dev": true,
      "license": "BSD-3-Clause",
      "peer": true
    },
    "node_modules/json-p3": {
      "version": "2.3.1",
      "resolved": "https://registry.npmjs.org/json-p3/-/json-p3-2.3.1.tgz",
      "integrity": "sha512-Eer/htMvlUiaTe7CJPOGtIUEtvxL3ZQarcXNQ0pupIPuLtCZs/TLL1nDnpytYn62ASOilWJkRSPe6mbn41FcgQ==",
      "dev": true,
      "license": "MIT",
      "peer": true
    },
    "node_modules/jsonc-parser": {
      "version": "3.3.1",
      "resolved": "https://registry.npmjs.org/jsonc-parser/-/jsonc-parser-3.3.1.tgz",
      "integrity": "sha512-HUgH65KyejrUFPvHFPbqOY0rsFip3Bo5wb4ngvdi1EpCYWUQDC5V+Y7mZws+DLkr4M//zQJoanu1SP+87Dv1oQ==",
      "dev": true,
      "license": "MIT",
      "peer": true
    },
    "node_modules/node-addon-api": {
      "version": "8.9.2",
      "resolved": "https://registry.npmjs.org/node-addon-api/-/node-addon-api-8.9.2.tgz",
      "integrity": "sha512-VijLXbi3UACN69I0JVXJsX4tjACjNoQDgv2gTF6sx2wWEi8tkSg2eX8p5gSIFi8z2+DL3oHmY6OyKce38SDolg==",
      "dev": true,
      "license": "MIT",
      "engines": {
        "node": "^18 || ^20 || >= 21"
      }
    },
    "node_modules/node-gyp-build": {
      "version": "4.8.4",
      "resolved": "https://registry.npmjs.org/node-gyp-build/-/node-gyp-build-4.8.4.tgz",
      "integrity": "sha512-LA4ZjwlnUblHVgq0oBF3Jl/6h/Nvs5fzBLwdEF4nuxnFdsfajde4WfxtJr3CaiH+F6ewcIB/q4jQ4UzPyid+CQ==",
      "dev": true,
      "license": "MIT",
      "bin": {
        "node-gyp-build": "bin.js",
        "node-gyp-build-optional": "optional.js",
        "node-gyp-build-test": "build-test.js"
      }
    },
    "node_modules/picomatch": {
      "version": "4.0.7",
      "resolved": "https://registry.npmjs.org/picomatch/-/picomatch-4.0.7.tgz",
      "integrity": "sha512-qcJu88Q2IWqJsDD529JKMdwGm/dvInW4HvQnRwiH9JtihJvzGOscDtHE3x1pBKeUOTysQ8kVmLnJ2kJu7yhcGA==",
      "dev": true,
      "license": "MIT",
      "peer": true,
      "engines": {
        "node": ">=12"
      },
      "funding": {
        "url": "https://github.com/sponsors/jonschlinkert"
      }
    },
    "node_modules/smol-toml": {
      "version": "1.9.0",
      "resolved": "https://registry.npmjs.org/smol-toml/-/smol-toml-1.9.0.tgz",
      "integrity": "sha512-hpd+HLON7HdZXqYchMM/+LaTTbdK0AU3NngIJ4KVyWbY9bfQqdL9cD+4yf6dUoU2Ap4VsU0JkQi6FxAI1B2mXQ==",
      "dev": true,
      "license": "BSD-3-Clause",
      "peer": true,
      "engines": {
        "node": ">= 18"
      },
      "funding": {
        "url": "https://github.com/sponsors/cyyynthia"
      }
    },
    "node_modules/tree-sitter-bash": {
      "version": "0.25.0",
      "resolved": "https://registry.npmjs.org/tree-sitter-bash/-/tree-sitter-bash-0.25.0.tgz",
      "integrity": "sha512-gZtlj9+qFS81qKxpLfD6H0UssQ3QBc/F0nKkPsiFDyfQF2YBqYvglFJUzchrPpVhZe9kLZTrJ9n2J6lmka69Vg==",
      "dev": true,
      "hasInstallScript": true,
      "license": "MIT",
      "dependencies": {
        "node-addon-api": "^8.2.1",
        "node-gyp-build": "^4.8.2"
      },
      "peerDependencies": {
        "tree-sitter": "^0.25.0"
      },
      "peerDependenciesMeta": {
        "tree-sitter": {
          "optional": true
        }
      }
    },
    "node_modules/tree-sitter-css": {
      "version": "0.25.0",
      "resolved": "https://registry.npmjs.org/tree-sitter-css/-/tree-sitter-css-0.25.0.tgz",
      "integrity": "sha512-FRc9R8ePrwJiUhZsuZ/wcFQ3K8Z+9yCgDrrUjuYswGWlN89UvcB9vslTUGZElQWGwhS8sUw3/r2n4lpb2sxT4Q==",
      "dev": true,
      "hasInstallScript": true,
      "license": "MIT",
      "dependencies": {
        "node-addon-api": "^8.5.0",
        "node-gyp-build": "^4.8.4"
      },
      "funding": {
        "url": "https://github.com/sponsors/tree-sitter"
      },
      "peerDependencies": {
        "tree-sitter": "^0.25.0"
      },
      "peerDependenciesMeta": {
        "tree-sitter": {
          "optional": true
        }
      }
    },
    "node_modules/tree-sitter-html": {
      "version": "0.23.2",
      "resolved": "https://registry.npmjs.org/tree-sitter-html/-/tree-sitter-html-0.23.2.tgz",
      "integrity": "sha512-TN+l+7cCeLx9db/1RhRSqMAZO/266Oh2BHb8J8hMSSFLuzYvFTYP/UnD3S0mny5awzw05KzFNgu2vnwzN9wVJg==",
      "dev": true,
      "hasInstallScript": true,
      "license": "MIT",
      "dependencies": {
        "node-addon-api": "^8.2.2",
        "node-gyp-build": "^4.8.2"
      },
      "peerDependencies": {
        "tree-sitter": "^0.21.1"
      },
      "peerDependenciesMeta": {
        "tree-sitter": {
          "optional": true
        }
      }
    },
    "node_modules/tree-sitter-javascript": {
      "version": "0.25.0",
      "resolved": "https://registry.npmjs.org/tree-sitter-javascript/-/tree-sitter-javascript-0.25.0.tgz",
      "integrity": "sha512-1fCbmzAskZkxcZzN41sFZ2br2iqTYP3tKls1b/HKGNPQUVOpsUxpmGxdN/wMqAk3jYZnYBR1dd/y/0avMeU7dw==",
      "dev": true,
      "hasInstallScript": true,
      "license": "MIT",
      "dependencies": {
        "node-addon-api": "^8.3.1",
        "node-gyp-build": "^4.8.4"
      },
      "peerDependencies": {
        "tree-sitter": "^0.25.0"
      },
      "peerDependenciesMeta": {
        "tree-sitter": {
          "optional": true
        }
      }
    },
    "node_modules/tree-sitter-json": {
      "version": "0.24.8",
      "resolved": "https://registry.npmjs.org/tree-sitter-json/-/tree-sitter-json-0.24.8.tgz",
      "integrity": "sha512-Tc9ZZYwHyWZ3Tt1VEw7Pa2scu1YO7/d2BCBbKTx5hXwig3UfdQjsOPkPyLpDJOn/m1UBEWYAtSdGAwCSyagBqQ==",
      "dev": true,
      "hasInstallScript": true,
      "license": "MIT",
      "dependencies": {
        "node-addon-api": "^8.2.2",
        "node-gyp-build": "^4.8.2"
      },
      "peerDependencies": {
        "tree-sitter": "^0.21.1"
      },
      "peerDependenciesMeta": {
        "tree-sitter": {
          "optional": true
        }
      }
    },
    "node_modules/tree-sitter-python": {
      "version": "0.25.0",
      "resolved": "https://registry.npmjs.org/tree-sitter-python/-/tree-sitter-python-0.25.0.tgz",
      "integrity": "sha512-eCmJx6zQa35GxaCtQD+wXHOhYqBxEL+bp71W/s3fcDMu06MrtzkVXR437dRrCrbrDbyLuUDJpAgycs7ncngLXw==",
      "dev": true,
      "hasInstallScript": true,
      "license": "MIT",
      "dependencies": {
        "node-addon-api": "^8.5.0",
        "node-gyp-build": "^4.8.4"
      },
      "peerDependencies": {
        "tree-sitter": "^0.25.0"
      },
      "peerDependenciesMeta": {
        "tree-sitter": {
          "optional": true
        }
      }
    },
    "node_modules/tree-sitter-typescript": {
      "version": "0.23.2",
      "resolved": "https://registry.npmjs.org/tree-sitter-typescript/-/tree-sitter-typescript-0.23.2.tgz",
      "integrity": "sha512-e04JUUKxTT53/x3Uq1zIL45DoYKVfHH4CZqwgZhPg5qYROl5nQjV+85ruFzFGZxu+QeFVbRTPDRnqL9UbU4VeA==",
      "dev": true,
      "hasInstallScript": true,
      "license": "MIT",
      "dependencies": {
        "node-addon-api": "^8.2.2",
        "node-gyp-build": "^4.8.2",
        "tree-sitter-javascript": "^0.23.1"
      },
      "peerDependencies": {
        "tree-sitter": "^0.21.0"
      },
      "peerDependenciesMeta": {
        "tree-sitter": {
          "optional": true
        }
      }
    },
    "node_modules/tree-sitter-typescript/node_modules/tree-sitter-javascript": {
      "version": "0.23.1",
      "resolved": "https://registry.npmjs.org/tree-sitter-javascript/-/tree-sitter-javascript-0.23.1.tgz",
      "integrity": "sha512-/bnhbrTD9frUYHQTiYnPcxyHORIw157ERBa6dqzaKxvR/x3PC4Yzd+D1pZIMS6zNg2v3a8BZ0oK7jHqsQo9fWA==",
      "dev": true,
      "hasInstallScript": true,
      "license": "MIT",
      "dependencies": {
        "node-addon-api": "^8.2.2",
        "node-gyp-build": "^4.8.2"
      },
      "peerDependencies": {
        "tree-sitter": "^0.21.1"
      },
      "peerDependenciesMeta": {
        "tree-sitter": {
          "optional": true
        }
      }
    },
    "node_modules/web-tree-sitter": {
      "version": "0.26.3",
      "resolved": "https://registry.npmjs.org/web-tree-sitter/-/web-tree-sitter-0.26.3.tgz",
      "integrity": "sha512-JIVgIKFS1w6lejxSntCtsS/QsE/ecTS00en809cMxMPxaor6MvUnQ+ovG8uTTTvQCFosSh4MeDdI5bSGw5SoBw==",
      "dev": true,
      "license": "MIT"
    },
    "node_modules/xpath": {
      "version": "0.0.34",
      "resolved": "https://registry.npmjs.org/xpath/-/xpath-0.0.34.tgz",
      "integrity": "sha512-FxF6+rkr1rNSQrhUNYrAFJpRXNzlDoMxeXN5qI84939ylEv3qqPFKa85Oxr6tDaJKqwW6KKyo2v26TSv3k6LeA==",
      "dev": true,
      "license": "MIT",
      "peer": true,
      "engines": {
        "node": ">=0.6.0"
      }
    },
    "node_modules/yaml": {
      "version": "2.9.1",
      "resolved": "https://registry.npmjs.org/yaml/-/yaml-2.9.1.tgz",
      "integrity": "sha512-3NxN8+78OdzbT7C/WjGsyfPAtJaN3FNDsWxv7Y7mcDsT/oOmgW8BpyQQFFBnvZE3j9Y2Sdz1ULFLezL7Eb2yFw==",
      "dev": true,
      "license": "ISC",
      "peer": true,
      "bin": {
        "yaml": "bin.mjs"
      },
      "engines": {
        "node": ">= 14.6"
      },
      "funding": {
        "url": "https://github.com/sponsors/eemeli"
      }
    }
  }
}
